// !$*UTF8*$!
{
	archiveVersion = 1;
	classes = {
	};
	objectVersion = 51;
	objects = {

/* Begin PBXBuildFile section */
		4256E789241972CF00BC72D7 /* Phase.swift in Sources */ = {isa = PBXBuildFile; fileRef = 4256E787241972CF00BC72D7 /* Phase.swift */; };
		4256E78A241972CF00BC72D7 /* Model.swift in Sources */ = {isa = PBXBuildFile; fileRef = 4256E788241972CF00BC72D7 /* Model.swift */; };
		4294D0A52433CA0F00D0B0AC /* iAd.framework in Frameworks */ = {isa = PBXBuildFile; fileRef = 4294D0A42433CA0F00D0B0AC /* iAd.framework */; };
		4294E821242E714800CD1971 /* ScoreViewController.swift in Sources */ = {isa = PBXBuildFile; fileRef = 4294E820242E714800CD1971 /* ScoreViewController.swift */; };
		429A098724310D1800543E83 /* GoogleService-Info.plist in Resources */ = {isa = PBXBuildFile; fileRef = 429A098624310D1800543E83 /* GoogleService-Info.plist */; };
		42E383FD2422D77F00064794 /* MenuViewController.swift in Sources */ = {isa = PBXBuildFile; fileRef = 42E383FC2422D77F00064794 /* MenuViewController.swift */; };
		489254160292D0D7E68E856C /* Pods_GameBusiness.framework in Frameworks */ = {isa = PBXBuildFile; fileRef = 1D77256DB11A8A0AA9804234 /* Pods_GameBusiness.framework */; };
		B6061B9324195C04002DC707 /* SnowParticle.sks in Resources */ = {isa = PBXBuildFile; fileRef = B6061B9224195C04002DC707 /* SnowParticle.sks */; };
		B6061B9A241AA7E4002DC707 /* CGPoint+Extensions.swift in Sources */ = {isa = PBXBuildFile; fileRef = B6061B99241AA7E3002DC707 /* CGPoint+Extensions.swift */; };
		B6061B9C241AA7EA002DC707 /* OperatorsOverloading.swift in Sources */ = {isa = PBXBuildFile; fileRef = B6061B9B241AA7EA002DC707 /* OperatorsOverloading.swift */; };
		B6061B9E2422E839002DC707 /* Circle.swift in Sources */ = {isa = PBXBuildFile; fileRef = B6061B9D2422E839002DC707 /* Circle.swift */; };
		B67FA7A6240ED6EC00E99DB9 /* AppDelegate.swift in Sources */ = {isa = PBXBuildFile; fileRef = B67FA7A5240ED6EC00E99DB9 /* AppDelegate.swift */; };
		B67FA7A8240ED6EC00E99DB9 /* GameScene.sks in Resources */ = {isa = PBXBuildFile; fileRef = B67FA7A7240ED6EC00E99DB9 /* GameScene.sks */; };
		B67FA7AA240ED6EC00E99DB9 /* Actions.sks in Resources */ = {isa = PBXBuildFile; fileRef = B67FA7A9240ED6EC00E99DB9 /* Actions.sks */; };
		B67FA7AC240ED6EC00E99DB9 /* GameScene.swift in Sources */ = {isa = PBXBuildFile; fileRef = B67FA7AB240ED6EC00E99DB9 /* GameScene.swift */; };
		B67FA7AE240ED6EC00E99DB9 /* GameViewController.swift in Sources */ = {isa = PBXBuildFile; fileRef = B67FA7AD240ED6EC00E99DB9 /* GameViewController.swift */; };
		B67FA7B1240ED6EC00E99DB9 /* Main.storyboard in Resources */ = {isa = PBXBuildFile; fileRef = B67FA7AF240ED6EC00E99DB9 /* Main.storyboard */; };
		B67FA7B3240ED6EE00E99DB9 /* Assets.xcassets in Resources */ = {isa = PBXBuildFile; fileRef = B67FA7B2240ED6EE00E99DB9 /* Assets.xcassets */; };
		B67FA7B6240ED6EE00E99DB9 /* LaunchScreen.storyboard in Resources */ = {isa = PBXBuildFile; fileRef = B67FA7B4240ED6EE00E99DB9 /* LaunchScreen.storyboard */; };
		B67FA7C62412D6DA00E99DB9 /* Bubble.swift in Sources */ = {isa = PBXBuildFile; fileRef = B67FA7C52412D6DA00E99DB9 /* Bubble.swift */; };
		B67FA7C82412DA7100E99DB9 /* ContactMask.swift in Sources */ = {isa = PBXBuildFile; fileRef = B67FA7C72412DA7100E99DB9 /* ContactMask.swift */; };
		B67FA7CA2412DAFD00E99DB9 /* GameObject.swift in Sources */ = {isa = PBXBuildFile; fileRef = B67FA7C92412DAFD00E99DB9 /* GameObject.swift */; };
		B6AD5B4F24376F8800DB017E /* StepsManager.swift in Sources */ = {isa = PBXBuildFile; fileRef = B6AD5B4E24376F8800DB017E /* StepsManager.swift */; };
		B6C1FDFA2432461000003642 /* Step.swift in Sources */ = {isa = PBXBuildFile; fileRef = B6C1FDF92432461000003642 /* Step.swift */; };
		B6C1FDFC2433882900003642 /* AVFoundation.framework in Frameworks */ = {isa = PBXBuildFile; fileRef = B6C1FDFB2433882900003642 /* AVFoundation.framework */; };
		B6C1FDFF243388A500003642 /* Neon_Storm.mp3 in Resources */ = {isa = PBXBuildFile; fileRef = B6C1FDFE243388A500003642 /* Neon_Storm.mp3 */; };
/* End PBXBuildFile section */

/* Begin PBXFileReference section */
		07A0133DF19A7C0DD8137C66 /* Pods-GameBusiness.debug.xcconfig */ = {isa = PBXFileReference; includeInIndex = 1; lastKnownFileType = text.xcconfig; name = "Pods-GameBusiness.debug.xcconfig"; path = "Target Support Files/Pods-GameBusiness/Pods-GameBusiness.debug.xcconfig"; sourceTree = "<group>"; };
		1D77256DB11A8A0AA9804234 /* Pods_GameBusiness.framework */ = {isa = PBXFileReference; explicitFileType = wrapper.framework; includeInIndex = 0; path = Pods_GameBusiness.framework; sourceTree = BUILT_PRODUCTS_DIR; };
		42414BBE24230414008B36C3 /* LICENSE */ = {isa = PBXFileReference; lastKnownFileType = text; name = LICENSE; path = "Pods/Google-Mobile-Ads-SDK/LICENSE"; sourceTree = "<group>"; };
		42414BC024230431008B36C3 /* Google-Mobile-Ads-SDK */ = {isa = PBXFileReference; lastKnownFileType = folder; name = "Google-Mobile-Ads-SDK"; path = "Pods/Google-Mobile-Ads-SDK"; sourceTree = "<group>"; };
		42414BC224230496008B36C3 /* GoogleMobileAds */ = {isa = PBXFileReference; lastKnownFileType = archive.ar; name = GoogleMobileAds; path = "Pods/Google-Mobile-Ads-SDK/Frameworks/GoogleMobileAdsFramework-Current/GoogleMobileAds.framework/GoogleMobileAds"; sourceTree = "<group>"; };
		4256E787241972CF00BC72D7 /* Phase.swift */ = {isa = PBXFileReference; fileEncoding = 4; lastKnownFileType = sourcecode.swift; path = Phase.swift; sourceTree = "<group>"; };
		4256E788241972CF00BC72D7 /* Model.swift */ = {isa = PBXFileReference; fileEncoding = 4; lastKnownFileType = sourcecode.swift; path = Model.swift; sourceTree = "<group>"; };
		4256E78B2422A12D00BC72D7 /* GoogleService-Info.plist */ = {isa = PBXFileReference; fileEncoding = 4; lastKnownFileType = text.plist.xml; name = "GoogleService-Info.plist"; path = "../../../../../Downloads/GoogleService-Info.plist"; sourceTree = "<group>"; };
		4294D0A42433CA0F00D0B0AC /* iAd.framework */ = {isa = PBXFileReference; lastKnownFileType = wrapper.framework; name = iAd.framework; path = System/Library/Frameworks/iAd.framework; sourceTree = SDKROOT; };
		4294E820242E714800CD1971 /* ScoreViewController.swift */ = {isa = PBXFileReference; lastKnownFileType = sourcecode.swift; path = ScoreViewController.swift; sourceTree = "<group>"; };
		429A098624310D1800543E83 /* GoogleService-Info.plist */ = {isa = PBXFileReference; lastKnownFileType = text.plist.xml; path = "GoogleService-Info.plist"; sourceTree = "<group>"; };
		42E383FC2422D77F00064794 /* MenuViewController.swift */ = {isa = PBXFileReference; lastKnownFileType = sourcecode.swift; path = MenuViewController.swift; sourceTree = "<group>"; };
		8D63C20A592EEBB500B590A8 /* Pods-GameBusiness.release.xcconfig */ = {isa = PBXFileReference; includeInIndex = 1; lastKnownFileType = text.xcconfig; name = "Pods-GameBusiness.release.xcconfig"; path = "Target Support Files/Pods-GameBusiness/Pods-GameBusiness.release.xcconfig"; sourceTree = "<group>"; };
		B6061B9224195C04002DC707 /* SnowParticle.sks */ = {isa = PBXFileReference; lastKnownFileType = file.sks; path = SnowParticle.sks; sourceTree = "<group>"; };
		B6061B99241AA7E3002DC707 /* CGPoint+Extensions.swift */ = {isa = PBXFileReference; fileEncoding = 4; lastKnownFileType = sourcecode.swift; path = "CGPoint+Extensions.swift"; sourceTree = "<group>"; };
		B6061B9B241AA7EA002DC707 /* OperatorsOverloading.swift */ = {isa = PBXFileReference; fileEncoding = 4; lastKnownFileType = sourcecode.swift; path = OperatorsOverloading.swift; sourceTree = "<group>"; };
		B6061B9D2422E839002DC707 /* Circle.swift */ = {isa = PBXFileReference; lastKnownFileType = sourcecode.swift; path = Circle.swift; sourceTree = "<group>"; };
		B67FA7A2240ED6EC00E99DB9 /* BubbleDance.app */ = {isa = PBXFileReference; explicitFileType = wrapper.application; includeInIndex = 0; path = BubbleDance.app; sourceTree = BUILT_PRODUCTS_DIR; };
		B67FA7A5240ED6EC00E99DB9 /* AppDelegate.swift */ = {isa = PBXFileReference; lastKnownFileType = sourcecode.swift; path = AppDelegate.swift; sourceTree = "<group>"; };
		B67FA7A7240ED6EC00E99DB9 /* GameScene.sks */ = {isa = PBXFileReference; lastKnownFileType = file.sks; path = GameScene.sks; sourceTree = "<group>"; };
		B67FA7A9240ED6EC00E99DB9 /* Actions.sks */ = {isa = PBXFileReference; lastKnownFileType = file.sks; path = Actions.sks; sourceTree = "<group>"; };
		B67FA7AB240ED6EC00E99DB9 /* GameScene.swift */ = {isa = PBXFileReference; lastKnownFileType = sourcecode.swift; path = GameScene.swift; sourceTree = "<group>"; };
		B67FA7AD240ED6EC00E99DB9 /* GameViewController.swift */ = {isa = PBXFileReference; lastKnownFileType = sourcecode.swift; path = GameViewController.swift; sourceTree = "<group>"; };
		B67FA7B0240ED6EC00E99DB9 /* Base */ = {isa = PBXFileReference; lastKnownFileType = file.storyboard; name = Base; path = Base.lproj/Main.storyboard; sourceTree = "<group>"; };
		B67FA7B2240ED6EE00E99DB9 /* Assets.xcassets */ = {isa = PBXFileReference; lastKnownFileType = folder.assetcatalog; path = Assets.xcassets; sourceTree = "<group>"; };
		B67FA7B5240ED6EE00E99DB9 /* Base */ = {isa = PBXFileReference; lastKnownFileType = file.storyboard; name = Base; path = Base.lproj/LaunchScreen.storyboard; sourceTree = "<group>"; };
		B67FA7B7240ED6EE00E99DB9 /* Info.plist */ = {isa = PBXFileReference; lastKnownFileType = text.plist.xml; path = Info.plist; sourceTree = "<group>"; };
		B67FA7C52412D6DA00E99DB9 /* Bubble.swift */ = {isa = PBXFileReference; lastKnownFileType = sourcecode.swift; path = Bubble.swift; sourceTree = "<group>"; };
		B67FA7C72412DA7100E99DB9 /* ContactMask.swift */ = {isa = PBXFileReference; lastKnownFileType = sourcecode.swift; path = ContactMask.swift; sourceTree = "<group>"; };
		B67FA7C92412DAFD00E99DB9 /* GameObject.swift */ = {isa = PBXFileReference; lastKnownFileType = sourcecode.swift; path = GameObject.swift; sourceTree = "<group>"; };
		B6AD5B4E24376F8800DB017E /* StepsManager.swift */ = {isa = PBXFileReference; lastKnownFileType = sourcecode.swift; path = StepsManager.swift; sourceTree = "<group>"; };
		B6C1FDF92432461000003642 /* Step.swift */ = {isa = PBXFileReference; lastKnownFileType = sourcecode.swift; path = Step.swift; sourceTree = "<group>"; };
		B6C1FDFB2433882900003642 /* AVFoundation.framework */ = {isa = PBXFileReference; lastKnownFileType = wrapper.framework; name = AVFoundation.framework; path = System/Library/Frameworks/AVFoundation.framework; sourceTree = SDKROOT; };
		B6C1FDFE243388A500003642 /* Neon_Storm.mp3 */ = {isa = PBXFileReference; lastKnownFileType = audio.mp3; name = Neon_Storm.mp3; path = GameBusiness/View/Assets.xcassets/Neon_Storm.dataset/Neon_Storm.mp3; sourceTree = SOURCE_ROOT; };
/* End PBXFileReference section */

/* Begin PBXFrameworksBuildPhase section */
		B67FA79F240ED6EC00E99DB9 /* Frameworks */ = {
			isa = PBXFrameworksBuildPhase;
			buildActionMask = 2147483647;
			files = (
				4294D0A52433CA0F00D0B0AC /* iAd.framework in Frameworks */,
				B6C1FDFC2433882900003642 /* AVFoundation.framework in Frameworks */,
				489254160292D0D7E68E856C /* Pods_GameBusiness.framework in Frameworks */,
			);
			runOnlyForDeploymentPostprocessing = 0;
		};
/* End PBXFrameworksBuildPhase section */

/* Begin PBXGroup section */
		B6061B9424195DF0002DC707 /* Model */ = {
			isa = PBXGroup;
			children = (
				4256E78B2422A12D00BC72D7 /* GoogleService-Info.plist */,
				4256E788241972CF00BC72D7 /* Model.swift */,
				4256E787241972CF00BC72D7 /* Phase.swift */,
				B67FA7C92412DAFD00E99DB9 /* GameObject.swift */,
				B67FA7C52412D6DA00E99DB9 /* Bubble.swift */,
				B6061B9D2422E839002DC707 /* Circle.swift */,
				B6C1FDF92432461000003642 /* Step.swift */,
				B6AD5B4E24376F8800DB017E /* StepsManager.swift */,
			);
			path = Model;
			sourceTree = "<group>";
		};
		B6061B9524195EA0002DC707 /* Controller */ = {
			isa = PBXGroup;
			children = (
				B67FA7AB240ED6EC00E99DB9 /* GameScene.swift */,
				B67FA7AD240ED6EC00E99DB9 /* GameViewController.swift */,
				42E383FC2422D77F00064794 /* MenuViewController.swift */,
				4294E820242E714800CD1971 /* ScoreViewController.swift */,
			);
			path = Controller;
			sourceTree = "<group>";
		};
		B6061B9624195EA6002DC707 /* View */ = {
			isa = PBXGroup;
			children = (
				B6C1FDFD2433886900003642 /* Sounds */,
				B67FA7A7240ED6EC00E99DB9 /* GameScene.sks */,
				B6061B9224195C04002DC707 /* SnowParticle.sks */,
				B67FA7AF240ED6EC00E99DB9 /* Main.storyboard */,
				B67FA7B2240ED6EE00E99DB9 /* Assets.xcassets */,
				B67FA7B4240ED6EE00E99DB9 /* LaunchScreen.storyboard */,
			);
			path = View;
			sourceTree = "<group>";
		};
		B67FA799240ED6EC00E99DB9 = {
			isa = PBXGroup;
			children = (
				429A098624310D1800543E83 /* GoogleService-Info.plist */,
				B67FA7A4240ED6EC00E99DB9 /* GameBusiness */,
				B67FA7A3240ED6EC00E99DB9 /* Products */,
				C2E7238168380611E3ECA15B /* Pods */,
				DB28AC069E298E8822549600 /* Frameworks */,
			);
			sourceTree = "<group>";
		};
		B67FA7A3240ED6EC00E99DB9 /* Products */ = {
			isa = PBXGroup;
			children = (
				B67FA7A2240ED6EC00E99DB9 /* BubbleDance.app */,
			);
			name = Products;
			sourceTree = "<group>";
		};
		B67FA7A4240ED6EC00E99DB9 /* GameBusiness */ = {
			isa = PBXGroup;
			children = (
				B6061B9624195EA6002DC707 /* View */,
				B6061B9524195EA0002DC707 /* Controller */,
				B6061B9424195DF0002DC707 /* Model */,
				B67FA7A9240ED6EC00E99DB9 /* Actions.sks */,
				B67FA7C72412DA7100E99DB9 /* ContactMask.swift */,
				B6061B99241AA7E3002DC707 /* CGPoint+Extensions.swift */,
				B6061B9B241AA7EA002DC707 /* OperatorsOverloading.swift */,
				B67FA7B7240ED6EE00E99DB9 /* Info.plist */,
				B67FA7A5240ED6EC00E99DB9 /* AppDelegate.swift */,
			);
			path = GameBusiness;
			sourceTree = "<group>";
		};
		B6C1FDFD2433886900003642 /* Sounds */ = {
			isa = PBXGroup;
			children = (
				B6C1FDFE243388A500003642 /* Neon_Storm.mp3 */,
			);
			path = Sounds;
			sourceTree = "<group>";
		};
		C2E7238168380611E3ECA15B /* Pods */ = {
			isa = PBXGroup;
			children = (
				07A0133DF19A7C0DD8137C66 /* Pods-GameBusiness.debug.xcconfig */,
				8D63C20A592EEBB500B590A8 /* Pods-GameBusiness.release.xcconfig */,
			);
			path = Pods;
			sourceTree = "<group>";
		};
		DB28AC069E298E8822549600 /* Frameworks */ = {
			isa = PBXGroup;
			children = (
				4294D0A42433CA0F00D0B0AC /* iAd.framework */,
				B6C1FDFB2433882900003642 /* AVFoundation.framework */,
				42414BC224230496008B36C3 /* GoogleMobileAds */,
				42414BC024230431008B36C3 /* Google-Mobile-Ads-SDK */,
				42414BBE24230414008B36C3 /* LICENSE */,
				1D77256DB11A8A0AA9804234 /* Pods_GameBusiness.framework */,
			);
			name = Frameworks;
			sourceTree = "<group>";
		};
/* End PBXGroup section */

/* Begin PBXNativeTarget section */
		B67FA7A1240ED6EC00E99DB9 /* GameBusiness */ = {
			isa = PBXNativeTarget;
			buildConfigurationList = B67FA7BA240ED6EE00E99DB9 /* Build configuration list for PBXNativeTarget "GameBusiness" */;
			buildPhases = (
				91AEBC41FF061BC2A9DE1D4F /* [CP] Check Pods Manifest.lock */,
				B67FA79E240ED6EC00E99DB9 /* Sources */,
				B67FA79F240ED6EC00E99DB9 /* Frameworks */,
				B67FA7A0240ED6EC00E99DB9 /* Resources */,
				5A9C527BE5F95A7475071554 /* [CP] Embed Pods Frameworks */,
				42E383FE2422EDA600064794 /* ShellScript */,
			);
			buildRules = (
			);
			dependencies = (
			);
			name = GameBusiness;
			productName = GameBusiness;
			productReference = B67FA7A2240ED6EC00E99DB9 /* BubbleDance.app */;
			productType = "com.apple.product-type.application";
		};
/* End PBXNativeTarget section */

/* Begin PBXProject section */
		B67FA79A240ED6EC00E99DB9 /* Project object */ = {
			isa = PBXProject;
			attributes = {
				LastSwiftUpdateCheck = 1130;
				LastUpgradeCheck = 1130;
				ORGANIZATIONNAME = "Kelvin Javorski Soares";
				TargetAttributes = {
					B67FA7A1240ED6EC00E99DB9 = {
						CreatedOnToolsVersion = 11.3.1;
					};
				};
			};
			buildConfigurationList = B67FA79D240ED6EC00E99DB9 /* Build configuration list for PBXProject "GameBusiness" */;
			compatibilityVersion = "Xcode 9.3";
			developmentRegion = en;
			hasScannedForEncodings = 0;
			knownRegions = (
				en,
				Base,
			);
			mainGroup = B67FA799240ED6EC00E99DB9;
			productRefGroup = B67FA7A3240ED6EC00E99DB9 /* Products */;
			projectDirPath = "";
			projectRoot = "";
			targets = (
				B67FA7A1240ED6EC00E99DB9 /* GameBusiness */,
			);
		};
/* End PBXProject section */

/* Begin PBXResourcesBuildPhase section */
		B67FA7A0240ED6EC00E99DB9 /* Resources */ = {
			isa = PBXResourcesBuildPhase;
			buildActionMask = 2147483647;
			files = (
				B6C1FDFF243388A500003642 /* Neon_Storm.mp3 in Resources */,
				B67FA7B1240ED6EC00E99DB9 /* Main.storyboard in Resources */,
				B67FA7A8240ED6EC00E99DB9 /* GameScene.sks in Resources */,
				B67FA7B3240ED6EE00E99DB9 /* Assets.xcassets in Resources */,
				B67FA7B6240ED6EE00E99DB9 /* LaunchScreen.storyboard in Resources */,
				B6061B9324195C04002DC707 /* SnowParticle.sks in Resources */,
				B67FA7AA240ED6EC00E99DB9 /* Actions.sks in Resources */,
				429A098724310D1800543E83 /* GoogleService-Info.plist in Resources */,
			);
			runOnlyForDeploymentPostprocessing = 0;
		};
/* End PBXResourcesBuildPhase section */

/* Begin PBXShellScriptBuildPhase section */
		42E383FE2422EDA600064794 /* ShellScript */ = {
			isa = PBXShellScriptBuildPhase;
			buildActionMask = 2147483647;
			files = (
			);
			inputFileListPaths = (
			);
			inputPaths = (
				"$(SRCROOT)/$(BUILT_PRODUCTS_DIR)/$(INFOPLIST_PATH)",
			);
			outputFileListPaths = (
			);
			outputPaths = (
			);
			runOnlyForDeploymentPostprocessing = 0;
			shellPath = /bin/sh;
			shellScript = "# Type a script or drag a script file from your workspace to insert its path.\n\"${PODS_ROOT}/FirebaseCrashlytics/run\"\n";
		};
		5A9C527BE5F95A7475071554 /* [CP] Embed Pods Frameworks */ = {
			isa = PBXShellScriptBuildPhase;
			buildActionMask = 2147483647;
			files = (
			);
			inputFileListPaths = (
				"${PODS_ROOT}/Target Support Files/Pods-GameBusiness/Pods-GameBusiness-frameworks-${CONFIGURATION}-input-files.xcfilelist",
			);
			name = "[CP] Embed Pods Frameworks";
			outputFileListPaths = (
				"${PODS_ROOT}/Target Support Files/Pods-GameBusiness/Pods-GameBusiness-frameworks-${CONFIGURATION}-output-files.xcfilelist",
			);
			runOnlyForDeploymentPostprocessing = 0;
			shellPath = /bin/sh;
			shellScript = "\"${PODS_ROOT}/Target Support Files/Pods-GameBusiness/Pods-GameBusiness-frameworks.sh\"\n";
			showEnvVarsInLog = 0;
		};
		91AEBC41FF061BC2A9DE1D4F /* [CP] Check Pods Manifest.lock */ = {
			isa = PBXShellScriptBuildPhase;
			buildActionMask = 2147483647;
			files = (
			);
			inputFileListPaths = (
			);
			inputPaths = (
				"${PODS_PODFILE_DIR_PATH}/Podfile.lock",
				"${PODS_ROOT}/Manifest.lock",
			);
			name = "[CP] Check Pods Manifest.lock";
			outputFileListPaths = (
			);
			outputPaths = (
				"$(DERIVED_FILE_DIR)/Pods-GameBusiness-checkManifestLockResult.txt",
			);
			runOnlyForDeploymentPostprocessing = 0;
			shellPath = /bin/sh;
			shellScript = "diff \"${PODS_PODFILE_DIR_PATH}/Podfile.lock\" \"${PODS_ROOT}/Manifest.lock\" > /dev/null\nif [ $? != 0 ] ; then\n    # print error to STDERR\n    echo \"error: The sandbox is not in sync with the Podfile.lock. Run 'pod install' or update your CocoaPods installation.\" >&2\n    exit 1\nfi\n# This output is used by Xcode 'outputs' to avoid re-running this script phase.\necho \"SUCCESS\" > \"${SCRIPT_OUTPUT_FILE_0}\"\n";
			showEnvVarsInLog = 0;
		};
/* End PBXShellScriptBuildPhase section */

/* Begin PBXSourcesBuildPhase section */
		B67FA79E240ED6EC00E99DB9 /* Sources */ = {
			isa = PBXSourcesBuildPhase;
			buildActionMask = 2147483647;
			files = (
				B67FA7AC240ED6EC00E99DB9 /* GameScene.swift in Sources */,
				B67FA7AE240ED6EC00E99DB9 /* GameViewController.swift in Sources */,
				B6C1FDFA2432461000003642 /* Step.swift in Sources */,
				4256E789241972CF00BC72D7 /* Phase.swift in Sources */,
				B67FA7CA2412DAFD00E99DB9 /* GameObject.swift in Sources */,
				B6061B9E2422E839002DC707 /* Circle.swift in Sources */,
				B6AD5B4F24376F8800DB017E /* StepsManager.swift in Sources */,
				4294E821242E714800CD1971 /* ScoreViewController.swift in Sources */,
				B67FA7A6240ED6EC00E99DB9 /* AppDelegate.swift in Sources */,
				B6061B9A241AA7E4002DC707 /* CGPoint+Extensions.swift in Sources */,
				42E383FD2422D77F00064794 /* MenuViewController.swift in Sources */,
				B67FA7C82412DA7100E99DB9 /* ContactMask.swift in Sources */,
				B67FA7C62412D6DA00E99DB9 /* Bubble.swift in Sources */,
				B6061B9C241AA7EA002DC707 /* OperatorsOverloading.swift in Sources */,
				4256E78A241972CF00BC72D7 /* Model.swift in Sources */,
			);
			runOnlyForDeploymentPostprocessing = 0;
		};
/* End PBXSourcesBuildPhase section */

/* Begin PBXVariantGroup section */
		B67FA7AF240ED6EC00E99DB9 /* Main.storyboard */ = {
			isa = PBXVariantGroup;
			children = (
				B67FA7B0240ED6EC00E99DB9 /* Base */,
			);
			name = Main.storyboard;
			sourceTree = "<group>";
		};
		B67FA7B4240ED6EE00E99DB9 /* LaunchScreen.storyboard */ = {
			isa = PBXVariantGroup;
			children = (
				B67FA7B5240ED6EE00E99DB9 /* Base */,
			);
			name = LaunchScreen.storyboard;
			sourceTree = "<group>";
		};
/* End PBXVariantGroup section */

/* Begin XCBuildConfiguration section */
		B67FA7B8240ED6EE00E99DB9 /* Debug */ = {
			isa = XCBuildConfiguration;
			buildSettings = {
				ALWAYS_SEARCH_USER_PATHS = NO;
				CLANG_ANALYZER_NONNULL = YES;
				CLANG_ANALYZER_NUMBER_OBJECT_CONVERSION = YES_AGGRESSIVE;
				CLANG_CXX_LANGUAGE_STANDARD = "gnu++14";
				CLANG_CXX_LIBRARY = "libc++";
				CLANG_ENABLE_MODULES = YES;
				CLANG_ENABLE_OBJC_ARC = YES;
				CLANG_ENABLE_OBJC_WEAK = YES;
				CLANG_WARN_BLOCK_CAPTURE_AUTORELEASING = YES;
				CLANG_WARN_BOOL_CONVERSION = YES;
				CLANG_WARN_COMMA = YES;
				CLANG_WARN_CONSTANT_CONVERSION = YES;
				CLANG_WARN_DEPRECATED_OBJC_IMPLEMENTATIONS = YES;
				CLANG_WARN_DIRECT_OBJC_ISA_USAGE = YES_ERROR;
				CLANG_WARN_DOCUMENTATION_COMMENTS = YES;
				CLANG_WARN_EMPTY_BODY = YES;
				CLANG_WARN_ENUM_CONVERSION = YES;
				CLANG_WARN_INFINITE_RECURSION = YES;
				CLANG_WARN_INT_CONVERSION = YES;
				CLANG_WARN_NON_LITERAL_NULL_CONVERSION = YES;
				CLANG_WARN_OBJC_IMPLICIT_RETAIN_SELF = YES;
				CLANG_WARN_OBJC_LITERAL_CONVERSION = YES;
				CLANG_WARN_OBJC_ROOT_CLASS = YES_ERROR;
				CLANG_WARN_RANGE_LOOP_ANALYSIS = YES;
				CLANG_WARN_STRICT_PROTOTYPES = YES;
				CLANG_WARN_SUSPICIOUS_MOVE = YES;
				CLANG_WARN_UNGUARDED_AVAILABILITY = YES_AGGRESSIVE;
				CLANG_WARN_UNREACHABLE_CODE = YES;
				CLANG_WARN__DUPLICATE_METHOD_MATCH = YES;
				COPY_PHASE_STRIP = NO;
				DEBUG_INFORMATION_FORMAT = dwarf;
				ENABLE_STRICT_OBJC_MSGSEND = YES;
				ENABLE_TESTABILITY = YES;
				GCC_C_LANGUAGE_STANDARD = gnu11;
				GCC_DYNAMIC_NO_PIC = NO;
				GCC_NO_COMMON_BLOCKS = YES;
				GCC_OPTIMIZATION_LEVEL = 0;
				GCC_PREPROCESSOR_DEFINITIONS = (
					"DEBUG=1",
					"$(inherited)",
				);
				GCC_WARN_64_TO_32_BIT_CONVERSION = YES;
				GCC_WARN_ABOUT_RETURN_TYPE = YES_ERROR;
				GCC_WARN_UNDECLARED_SELECTOR = YES;
				GCC_WARN_UNINITIALIZED_AUTOS = YES_AGGRESSIVE;
				GCC_WARN_UNUSED_FUNCTION = YES;
				GCC_WARN_UNUSED_VARIABLE = YES;
				IPHONEOS_DEPLOYMENT_TARGET = 13.2;
				MTL_ENABLE_DEBUG_INFO = INCLUDE_SOURCE;
				MTL_FAST_MATH = YES;
				ONLY_ACTIVE_ARCH = YES;
				SDKROOT = iphoneos;
				SWIFT_ACTIVE_COMPILATION_CONDITIONS = DEBUG;
				SWIFT_OPTIMIZATION_LEVEL = "-Onone";
			};
			name = Debug;
		};
		B67FA7B9240ED6EE00E99DB9 /* Release */ = {
			isa = XCBuildConfiguration;
			buildSettings = {
				ALWAYS_SEARCH_USER_PATHS = NO;
				CLANG_ANALYZER_NONNULL = YES;
				CLANG_ANALYZER_NUMBER_OBJECT_CONVERSION = YES_AGGRESSIVE;
				CLANG_CXX_LANGUAGE_STANDARD = "gnu++14";
				CLANG_CXX_LIBRARY = "libc++";
				CLANG_ENABLE_MODULES = YES;
				CLANG_ENABLE_OBJC_ARC = YES;
				CLANG_ENABLE_OBJC_WEAK = YES;
				CLANG_WARN_BLOCK_CAPTURE_AUTORELEASING = YES;
				CLANG_WARN_BOOL_CONVERSION = YES;
				CLANG_WARN_COMMA = YES;
				CLANG_WARN_CONSTANT_CONVERSION = YES;
				CLANG_WARN_DEPRECATED_OBJC_IMPLEMENTATIONS = YES;
				CLANG_WARN_DIRECT_OBJC_ISA_USAGE = YES_ERROR;
				CLANG_WARN_DOCUMENTATION_COMMENTS = YES;
				CLANG_WARN_EMPTY_BODY = YES;
				CLANG_WARN_ENUM_CONVERSION = YES;
				CLANG_WARN_INFINITE_RECURSION = YES;
				CLANG_WARN_INT_CONVERSION = YES;
				CLANG_WARN_NON_LITERAL_NULL_CONVERSION = YES;
				CLANG_WARN_OBJC_IMPLICIT_RETAIN_SELF = YES;
				CLANG_WARN_OBJC_LITERAL_CONVERSION = YES;
				CLANG_WARN_OBJC_ROOT_CLASS = YES_ERROR;
				CLANG_WARN_RANGE_LOOP_ANALYSIS = YES;
				CLANG_WARN_STRICT_PROTOTYPES = YES;
				CLANG_WARN_SUSPICIOUS_MOVE = YES;
				CLANG_WARN_UNGUARDED_AVAILABILITY = YES_AGGRESSIVE;
				CLANG_WARN_UNREACHABLE_CODE = YES;
				CLANG_WARN__DUPLICATE_METHOD_MATCH = YES;
				COPY_PHASE_STRIP = NO;
				DEBUG_INFORMATION_FORMAT = "dwarf-with-dsym";
				ENABLE_NS_ASSERTIONS = NO;
				ENABLE_STRICT_OBJC_MSGSEND = YES;
				GCC_C_LANGUAGE_STANDARD = gnu11;
				GCC_NO_COMMON_BLOCKS = YES;
				GCC_WARN_64_TO_32_BIT_CONVERSION = YES;
				GCC_WARN_ABOUT_RETURN_TYPE = YES_ERROR;
				GCC_WARN_UNDECLARED_SELECTOR = YES;
				GCC_WARN_UNINITIALIZED_AUTOS = YES_AGGRESSIVE;
				GCC_WARN_UNUSED_FUNCTION = YES;
				GCC_WARN_UNUSED_VARIABLE = YES;
				IPHONEOS_DEPLOYMENT_TARGET = 13.2;
				MTL_ENABLE_DEBUG_INFO = NO;
				MTL_FAST_MATH = YES;
				SDKROOT = iphoneos;
				SWIFT_COMPILATION_MODE = wholemodule;
				SWIFT_OPTIMIZATION_LEVEL = "-O";
				VALIDATE_PRODUCT = YES;
			};
			name = Release;
		};
		B67FA7BB240ED6EE00E99DB9 /* Debug */ = {
			isa = XCBuildConfiguration;
			baseConfigurationReference = 07A0133DF19A7C0DD8137C66 /* Pods-GameBusiness.debug.xcconfig */;
			buildSettings = {
				ASSETCATALOG_COMPILER_APPICON_NAME = AppIcon;
				CODE_SIGN_STYLE = Automatic;
				CURRENT_PROJECT_VERSION = 3;
				DEVELOPMENT_TEAM = F88DY6S927;
				INFOPLIST_FILE = GameBusiness/Info.plist;
				LD_RUNPATH_SEARCH_PATHS = (
					"$(inherited)",
					"@executable_path/Frameworks",
				);
				LIBRARY_SEARCH_PATHS = (
					"$(inherited)",
					"$(PROJECT_DIR)/Pods/Google-Mobile-Ads-SDK/Frameworks/GoogleMobileAdsFramework-Current/GoogleMobileAds.framework",
				);
				MARKETING_VERSION = 1.0;
				PRODUCT_BUNDLE_IDENTIFIER = br.com.Javorski.Bubbledance;
				PRODUCT_NAME = BubbleDance;
				SWIFT_VERSION = 5.0;
				TARGETED_DEVICE_FAMILY = "1,2";
			};
			name = Debug;
		};
		B67FA7BC240ED6EE00E99DB9 /* Release */ = {
			isa = XCBuildConfiguration;
			baseConfigurationReference = 8D63C20A592EEBB500B590A8 /* Pods-GameBusiness.release.xcconfig */;
			buildSettings = {
				ASSETCATALOG_COMPILER_APPICON_NAME = AppIcon;
				CODE_SIGN_STYLE = Automatic;
				CURRENT_PROJECT_VERSION = 3;
				DEVELOPMENT_TEAM = F88DY6S927;
				INFOPLIST_FILE = GameBusiness/Info.plist;
				LD_RUNPATH_SEARCH_PATHS = (
					"$(inherited)",
					"@executable_path/Frameworks",
				);
				LIBRARY_SEARCH_PATHS = (
					"$(inherited)",
					"$(PROJECT_DIR)/Pods/Google-Mobile-Ads-SDK/Frameworks/GoogleMobileAdsFramework-Current/GoogleMobileAds.framework",
				);
				MARKETING_VERSION = 1.0;
				PRODUCT_BUNDLE_IDENTIFIER = br.com.Javorski.Bubbledance;
				PRODUCT_NAME = BubbleDance;
				SWIFT_VERSION = 5.0;
				TARGETED_DEVICE_FAMILY = "1,2";
			};
			name = Release;
		};
/* End XCBuildConfiguration section */

/* Begin XCConfigurationList section */
		B67FA79D240ED6EC00E99DB9 /* Build configuration list for PBXProject "GameBusiness" */ = {
			isa = XCConfigurationList;
			buildConfigurations = (
				B67FA7B8240ED6EE00E99DB9 /* Debug */,
				B67FA7B9240ED6EE00E99DB9 /* Release */,
			);
			defaultConfigurationIsVisible = 0;
			defaultConfigurationName = Release;
		};
		B67FA7BA240ED6EE00E99DB9 /* Build configuration list for PBXNativeTarget "GameBusiness" */ = {
			isa = XCConfigurationList;
			buildConfigurations = (
				B67FA7BB240ED6EE00E99DB9 /* Debug */,
				B67FA7BC240ED6EE00E99DB9 /* Release */,
			);
			defaultConfigurationIsVisible = 0;
			defaultConfigurationName = Release;
		};
/* End XCConfigurationList section */
	};
	rootObject = B67FA79A240ED6EC00E99DB9 /* Project object */;
}
